
Microsoft Visual Studio Solution File, Format Version 12.00
# Visual Studio Version 17
VisualStudioVersion = 17.9.34622.214
MinimumVisualStudioVersion = 10.0.40219.1
Project("{9A19103F-16F7-4668-BE54-9A1E7A4F7556}") = "EmployeeManager.Core", "EmployeeManager.Core\EmployeeManager.Core.csproj", "{639176AE-3EE8-4045-A036-61703777BD0B}"
EndProject
Project("{9A19103F-16F7-4668-BE54-9A1E7A4F7556}") = "EmployeeManager.Infrastructure", "EmployeeManager.Data\EmployeeManager.Infrastructure.csproj", "{17B43692-41C6-4AE7-B7B0-217A3C27227B}"
EndProject
Project("{9A19103F-16F7-4668-BE54-9A1E7A4F7556}") = "EmployeeManager.Desktop", "EmployeeManager.Desktop\EmployeeManager.Desktop.csproj", "{3ADE8BF8-6D82-4B07-8D2A-1FA5944D0765}"
EndProject
Project("{9A19103F-16F7-4668-BE54-9A1E7A4F7556}") = "EmployeeManager.API", "EmployeeManager.API\EmployeeManager.API.csproj", "{C7C2F117-729C-4716-A1FD-7C69E61696E7}"
EndProject
Project("{9A19103F-16F7-4668-BE54-9A1E7A4F7556}") = "EmployeeManager.Shared", "Models\EmployeeManager.Shared.csproj", "{1E81812A-727B-499A-9405-3A4BDB679D21}"
EndProject
Project("{2150E333-8FDC-42A3-9474-1A3956D46DE8}") = "SQL", "SQL", "{D5091CB3-0BD8-486B-B478-AA2500B2ADBD}"
	ProjectSection(SolutionItems) = preProject
		CreateDataBaseScript.sql = CreateDataBaseScript.sql
		SeedData.sql = SeedData.sql
	EndProjectSection
EndProject
Global
	GlobalSection(SolutionConfigurationPlatforms) = preSolution
		Debug|Any CPU = Debug|Any CPU
		Release|Any CPU = Release|Any CPU
	EndGlobalSection
	GlobalSection(ProjectConfigurationPlatforms) = postSolution
		{639176AE-3EE8-4045-A036-61703777BD0B}.Debug|Any CPU.ActiveCfg = Debug|Any CPU
		{639176AE-3EE8-4045-A036-61703777BD0B}.Debug|Any CPU.Build.0 = Debug|Any CPU
		{639176AE-3EE8-4045-A036-61703777BD0B}.Release|Any CPU.ActiveCfg = Release|Any CPU
		{639176AE-3EE8-4045-A036-61703777BD0B}.Release|Any CPU.Build.0 = Release|Any CPU
		{17B43692-41C6-4AE7-B7B0-217A3C27227B}.Debug|Any CPU.ActiveCfg = Debug|Any CPU
		{17B43692-41C6-4AE7-B7B0-217A3C27227B}.Debug|Any CPU.Build.0 = Debug|Any CPU
		{17B43692-41C6-4AE7-B7B0-217A3C27227B}.Release|Any CPU.ActiveCfg = Release|Any CPU
		{17B43692-41C6-4AE7-B7B0-217A3C27227B}.Release|Any CPU.Build.0 = Release|Any CPU
		{3ADE8BF8-6D82-4B07-8D2A-1FA5944D0765}.Debug|Any CPU.ActiveCfg = Debug|Any CPU
		{3ADE8BF8-6D82-4B07-8D2A-1FA5944D0765}.Debug|Any CPU.Build.0 = Debug|Any CPU
		{3ADE8BF8-6D82-4B07-8D2A-1FA5944D0765}.Release|Any CPU.ActiveCfg = Release|Any CPU
		{3ADE8BF8-6D82-4B07-8D2A-1FA5944D0765}.Release|Any CPU.Build.0 = Release|Any CPU
		{C7C2F117-729C-4716-A1FD-7C69E61696E7}.Debug|Any CPU.ActiveCfg = Debug|Any CPU
		{C7C2F117-729C-4716-A1FD-7C69E61696E7}.Debug|Any CPU.Build.0 = Debug|Any CPU
		{C7C2F117-729C-4716-A1FD-7C69E61696E7}.Release|Any CPU.ActiveCfg = Release|Any CPU
		{C7C2F117-729C-4716-A1FD-7C69E61696E7}.Release|Any CPU.Build.0 = Release|Any CPU
		{1E81812A-727B-499A-9405-3A4BDB679D21}.Debug|Any CPU.ActiveCfg = Debug|Any CPU
		{1E81812A-727B-499A-9405-3A4BDB679D21}.Debug|Any CPU.Build.0 = Debug|Any CPU
		{1E81812A-727B-499A-9405-3A4BDB679D21}.Release|Any CPU.ActiveCfg = Release|Any CPU
		{1E81812A-727B-499A-9405-3A4BDB679D21}.Release|Any CPU.Build.0 = Release|Any CPU
	EndGlobalSection
	GlobalSection(SolutionProperties) = preSolution
		HideSolutionNode = FALSE
	EndGlobalSection
	GlobalSection(ExtensibilityGlobals) = postSolution
		SolutionGuid = {BCC979A9-8EE8-4D7B-BB63-09D10E584F5B}
	EndGlobalSection
EndGlobal
